
Microsoft Visual Studio Solution File, Format Version 12.00
# Visual Studio Version 17
VisualStudioVersion = 17.8.34330.188
MinimumVisualStudioVersion = 10.0.40219.1
Project("{FAE04EC0-301F-11D3-BF4B-00C04F79EFBC}") = "CSV4netFramework", "CSV4netFramework\CSV4netFramework.csproj", "{A69B1B77-89C7-499D-8B3E-944004263264}"
EndProject
Global
	GlobalSection(SolutionConfigurationPlatforms) = preSolution
		Debug|Any CPU = Debug|Any CPU
		Release|Any CPU = Release|Any CPU
	EndGlobalSection
	GlobalSection(ProjectConfigurationPlatforms) = postSolution
		{A69B1B77-89C7-499D-8B3E-944004263264}.Debug|Any CPU.ActiveCfg = Debug|Any CPU
		{A69B1B77-89C7-499D-8B3E-944004263264}.Debug|Any CPU.Build.0 = Debug|Any CPU
		{A69B1B77-89C7-499D-8B3E-944004263264}.Release|Any CPU.ActiveCfg = Release|Any CPU
		{A69B1B77-89C7-499D-8B3E-944004263264}.Release|Any CPU.Build.0 = Release|Any CPU
	EndGlobalSection
	GlobalSection(SolutionProperties) = preSolution
		HideSolutionNode = FALSE
	EndGlobalSection
	GlobalSection(ExtensibilityGlobals) = postSolution
		SolutionGuid = {6920E9F1-EE1F-42D8-A1B6-7C61EE68933C}
	EndGlobalSection
EndGlobal
